
Microsoft Visual Studio Solution File, Format Version 12.00
# Visual Studio Version 17
VisualStudioVersion = 17.11.35312.102
MinimumVisualStudioVersion = 10.0.40219.1
Project("{FAE04EC0-301F-11D3-BF4B-00C04F79EFBC}") = "ColletionsAndClasses", "ColletionsAndClasses\ColletionsAndClasses.csproj", "{CAF3882C-7E82-4AD2-97F5-6A7C8D43FE74}"
EndProject
Global
	GlobalSection(SolutionConfigurationPlatforms) = preSolution
		Debug|Any CPU = Debug|Any CPU
		Release|Any CPU = Release|Any CPU
	EndGlobalSection
	GlobalSection(ProjectConfigurationPlatforms) = postSolution
		{CAF3882C-7E82-4AD2-97F5-6A7C8D43FE74}.Debug|Any CPU.ActiveCfg = Debug|Any CPU
		{CAF3882C-7E82-4AD2-97F5-6A7C8D43FE74}.Debug|Any CPU.Build.0 = Debug|Any CPU
		{CAF3882C-7E82-4AD2-97F5-6A7C8D43FE74}.Release|Any CPU.ActiveCfg = Release|Any CPU
		{CAF3882C-7E82-4AD2-97F5-6A7C8D43FE74}.Release|Any CPU.Build.0 = Release|Any CPU
	EndGlobalSection
	GlobalSection(SolutionProperties) = preSolution
		HideSolutionNode = FALSE
	EndGlobalSection
	GlobalSection(ExtensibilityGlobals) = postSolution
		SolutionGuid = {86EA5C64-6A35-4992-8EA8-CEABF01BA3E1}
	EndGlobalSection
EndGlobal
